
Microsoft Visual Studio Solution File, Format Version 12.00
Project("{FAE04EC0-301F-11D3-BF4B-00C04F79EFBC}") = "DiscordTutorialBot", "DiscordTutorialBot\DiscordTutorialBot.csproj", "{94CEEB36-1F3F-48B4-A796-F8D1AFBE1C9E}"
EndProject
Global
	GlobalSection(SolutionConfigurationPlatforms) = preSolution
		Debug|Any CPU = Debug|Any CPU
		Release|Any CPU = Release|Any CPU
	EndGlobalSection
	GlobalSection(ProjectConfigurationPlatforms) = postSolution
		{94CEEB36-1F3F-48B4-A796-F8D1AFBE1C9E}.Debug|Any CPU.ActiveCfg = Debug|Any CPU
		{94CEEB36-1F3F-48B4-A796-F8D1AFBE1C9E}.Debug|Any CPU.Build.0 = Debug|Any CPU
		{94CEEB36-1F3F-48B4-A796-F8D1AFBE1C9E}.Release|Any CPU.ActiveCfg = Release|Any CPU
		{94CEEB36-1F3F-48B4-A796-F8D1AFBE1C9E}.Release|Any CPU.Build.0 = Release|Any CPU
	EndGlobalSection
EndGlobal
